// !$*UTF8*$!
{
	archiveVersion = 1;
	classes = {
	};
	objectVersion = 48;
	objects = {

/* Begin PBXBuildFile section */
		F33BA4DC205E9CE20051E02B /* AppDelegate.m in Sources */ = {isa = PBXBuildFile; fileRef = F33BA4DB205E9CE20051E02B /* AppDelegate.m */; };
		F33BA4DF205E9CE20051E02B /* ViewController.m in Sources */ = {isa = PBXBuildFile; fileRef = F33BA4DE205E9CE20051E02B /* ViewController.m */; };
		F33BA4E2205E9CE20051E02B /* Main.storyboard in Resources */ = {isa = PBXBuildFile; fileRef = F33BA4E0205E9CE20051E02B /* Main.storyboard */; };
		F33BA4E4205E9CE20051E02B /* Assets.xcassets in Resources */ = {isa = PBXBuildFile; fileRef = F33BA4E3205E9CE20051E02B /* Assets.xcassets */; };
		F33BA4E7205E9CE20051E02B /* LaunchScreen.storyboard in Resources */ = {isa = PBXBuildFile; fileRef = F33BA4E5205E9CE20051E02B /* LaunchScreen.storyboard */; };
		F33BA4EA205E9CE20051E02B /* main.m in Sources */ = {isa = PBXBuildFile; fileRef = F33BA4E9205E9CE20051E02B /* main.m */; };
		F33BA4F7205E9DAC0051E02B /* Toast+UIView.m in Sources */ = {isa = PBXBuildFile; fileRef = F33BA4F6205E9DAC0051E02B /* Toast+UIView.m */; settings = {COMPILER_FLAGS = "-fno-objc-arc"; }; };
		F33BA4FA205E9DD60051E02B /* QuartzCore.framework in Frameworks */ = {isa = PBXBuildFile; fileRef = F33BA4F9205E9DD60051E02B /* QuartzCore.framework */; };
		F33BA4FC205E9E230051E02B /* UIKit.framework in Frameworks */ = {isa = PBXBuildFile; fileRef = F33BA4FB205E9E230051E02B /* UIKit.framework */; };
		F33BA4FE205E9E650051E02B /* Foundation.framework in Frameworks */ = {isa = PBXBuildFile; fileRef = F33BA4FD205E9E650051E02B /* Foundation.framework */; };
		F33BA500205EA1800051E02B /* File.rtf in Resources */ = {isa = PBXBuildFile; fileRef = F33BA4FF205EA1800051E02B /* File.rtf */; };
/* End PBXBuildFile section */

/* Begin PBXFileReference section */
		F33BA4D7205E9CE20051E02B /* MbProgressHUD.app */ = {isa = PBXFileReference; explicitFileType = wrapper.application; includeInIndex = 0; path = MbProgressHUD.app; sourceTree = BUILT_PRODUCTS_DIR; };
		F33BA4DA205E9CE20051E02B /* AppDelegate.h */ = {isa = PBXFileReference; lastKnownFileType = sourcecode.c.h; path = AppDelegate.h; sourceTree = "<group>"; };
		F33BA4DB205E9CE20051E02B /* AppDelegate.m */ = {isa = PBXFileReference; lastKnownFileType = sourcecode.c.objc; path = AppDelegate.m; sourceTree = "<group>"; };
		F33BA4DD205E9CE20051E02B /* ViewController.h */ = {isa = PBXFileReference; lastKnownFileType = sourcecode.c.h; path = ViewController.h; sourceTree = "<group>"; };
		F33BA4DE205E9CE20051E02B /* ViewController.m */ = {isa = PBXFileReference; lastKnownFileType = sourcecode.c.objc; path = ViewController.m; sourceTree = "<group>"; };
		F33BA4E1205E9CE20051E02B /* Base */ = {isa = PBXFileReference; lastKnownFileType = file.storyboard; name = Base; path = Base.lproj/Main.storyboard; sourceTree = "<group>"; };
		F33BA4E3205E9CE20051E02B /* Assets.xcassets */ = {isa = PBXFileReference; lastKnownFileType = folder.assetcatalog; path = Assets.xcassets; sourceTree = "<group>"; };
		F33BA4E6205E9CE20051E02B /* Base */ = {isa = PBXFileReference; lastKnownFileType = file.storyboard; name = Base; path = Base.lproj/LaunchScreen.storyboard; sourceTree = "<group>"; };
		F33BA4E8205E9CE20051E02B /* Info.plist */ = {isa = PBXFileReference; lastKnownFileType = text.plist.xml; path = Info.plist; sourceTree = "<group>"; };
		F33BA4E9205E9CE20051E02B /* main.m */ = {isa = PBXFileReference; lastKnownFileType = sourcecode.c.objc; path = main.m; sourceTree = "<group>"; };
		F33BA4F5205E9DAC0051E02B /* Toast+UIView.h */ = {isa = PBXFileReference; fileEncoding = 4; lastKnownFileType = sourcecode.c.h; path = "Toast+UIView.h"; sourceTree = "<group>"; };
		F33BA4F6205E9DAC0051E02B /* Toast+UIView.m */ = {isa = PBXFileReference; fileEncoding = 4; lastKnownFileType = sourcecode.c.objc; path = "Toast+UIView.m"; sourceTree = "<group>"; };
		F33BA4F9205E9DD60051E02B /* QuartzCore.framework */ = {isa = PBXFileReference; lastKnownFileType = wrapper.framework; name = QuartzCore.framework; path = System/Library/Frameworks/QuartzCore.framework; sourceTree = SDKROOT; };
		F33BA4FB205E9E230051E02B /* UIKit.framework */ = {isa = PBXFileReference; lastKnownFileType = wrapper.framework; name = UIKit.framework; path = System/Library/Frameworks/UIKit.framework; sourceTree = SDKROOT; };
		F33BA4FD205E9E650051E02B /* Foundation.framework */ = {isa = PBXFileReference; lastKnownFileType = wrapper.framework; name = Foundation.framework; path = System/Library/Frameworks/Foundation.framework; sourceTree = SDKROOT; };
		F33BA4FF205EA1800051E02B /* File.rtf */ = {isa = PBXFileReference; lastKnownFileType = text.rtf; path = File.rtf; sourceTree = "<group>"; };
/* End PBXFileReference section */

/* Begin PBXFrameworksBuildPhase section */
		F33BA4D4205E9CE20051E02B /* Frameworks */ = {
			isa = PBXFrameworksBuildPhase;
			buildActionMask = 2147483647;
			files = (
				F33BA4FE205E9E650051E02B /* Foundation.framework in Frameworks */,
				F33BA4FC205E9E230051E02B /* UIKit.framework in Frameworks */,
				F33BA4FA205E9DD60051E02B /* QuartzCore.framework in Frameworks */,
			);
			runOnlyForDeploymentPostprocessing = 0;
		};
/* End PBXFrameworksBuildPhase section */

/* Begin PBXGroup section */
		F33BA4CE205E9CE20051E02B = {
			isa = PBXGroup;
			children = (
				F33BA4D9205E9CE20051E02B /* MbProgressHUD */,
				F33BA4D8205E9CE20051E02B /* Products */,
				F33BA4F8205E9DD50051E02B /* Frameworks */,
			);
			sourceTree = "<group>";
		};
		F33BA4D8205E9CE20051E02B /* Products */ = {
			isa = PBXGroup;
			children = (
				F33BA4D7205E9CE20051E02B /* MbProgressHUD.app */,
			);
			name = Products;
			sourceTree = "<group>";
		};
		F33BA4D9205E9CE20051E02B /* MbProgressHUD */ = {
			isa = PBXGroup;
			children = (
				F33BA4F4205E9DAC0051E02B /* Toast */,
				F33BA4DA205E9CE20051E02B /* AppDelegate.h */,
				F33BA4DB205E9CE20051E02B /* AppDelegate.m */,
				F33BA4DD205E9CE20051E02B /* ViewController.h */,
				F33BA4DE205E9CE20051E02B /* ViewController.m */,
				F33BA4E0205E9CE20051E02B /* Main.storyboard */,
				F33BA4E3205E9CE20051E02B /* Assets.xcassets */,
				F33BA4E5205E9CE20051E02B /* LaunchScreen.storyboard */,
				F33BA4E8205E9CE20051E02B /* Info.plist */,
				F33BA4E9205E9CE20051E02B /* main.m */,
				F33BA4FF205EA1800051E02B /* File.rtf */,
			);
			path = MbProgressHUD;
			sourceTree = "<group>";
		};
		F33BA4F4205E9DAC0051E02B /* Toast */ = {
			isa = PBXGroup;
			children = (
				F33BA4F5205E9DAC0051E02B /* Toast+UIView.h */,
				F33BA4F6205E9DAC0051E02B /* Toast+UIView.m */,
			);
			name = Toast;
			path = "../../点点/DianDian/Leshop/Leshop/utils/Toast";
			sourceTree = "<group>";
		};
		F33BA4F8205E9DD50051E02B /* Frameworks */ = {
			isa = PBXGroup;
			children = (
				F33BA4FD205E9E650051E02B /* Foundation.framework */,
				F33BA4FB205E9E230051E02B /* UIKit.framework */,
				F33BA4F9205E9DD60051E02B /* QuartzCore.framework */,
			);
			name = Frameworks;
			sourceTree = "<group>";
		};
/* End PBXGroup section */

/* Begin PBXNativeTarget section */
		F33BA4D6205E9CE20051E02B /* MbProgressHUD */ = {
			isa = PBXNativeTarget;
			buildConfigurationList = F33BA4ED205E9CE20051E02B /* Build configuration list for PBXNativeTarget "MbProgressHUD" */;
			buildPhases = (
				F33BA4D3205E9CE20051E02B /* Sources */,
				F33BA4D4205E9CE20051E02B /* Frameworks */,
				F33BA4D5205E9CE20051E02B /* Resources */,
			);
			buildRules = (
			);
			dependencies = (
			);
			name = MbProgressHUD;
			productName = MbProgressHUD;
			productReference = F33BA4D7205E9CE20051E02B /* MbProgressHUD.app */;
			productType = "com.apple.product-type.application";
		};
/* End PBXNativeTarget section */

/* Begin PBXProject section */
		F33BA4CF205E9CE20051E02B /* Project object */ = {
			isa = PBXProject;
			attributes = {
				LastUpgradeCheck = 0920;
				ORGANIZATIONNAME = "曹轩";
				TargetAttributes = {
					F33BA4D6205E9CE20051E02B = {
						CreatedOnToolsVersion = 9.2;
						ProvisioningStyle = Automatic;
					};
				};
			};
			buildConfigurationList = F33BA4D2205E9CE20051E02B /* Build configuration list for PBXProject "MbProgressHUD" */;
			compatibilityVersion = "Xcode 8.0";
			developmentRegion = en;
			hasScannedForEncodings = 0;
			knownRegions = (
				en,
				Base,
			);
			mainGroup = F33BA4CE205E9CE20051E02B;
			productRefGroup = F33BA4D8205E9CE20051E02B /* Products */;
			projectDirPath = "";
			projectRoot = "";
			targets = (
				F33BA4D6205E9CE20051E02B /* MbProgressHUD */,
			);
		};
/* End PBXProject section */

/* Begin PBXResourcesBuildPhase section */
		F33BA4D5205E9CE20051E02B /* Resources */ = {
			isa = PBXResourcesBuildPhase;
			buildActionMask = 2147483647;
			files = (
				F33BA4E7205E9CE20051E02B /* LaunchScreen.storyboard in Resources */,
				F33BA4E4205E9CE20051E02B /* Assets.xcassets in Resources */,
				F33BA500205EA1800051E02B /* File.rtf in Resources */,
				F33BA4E2205E9CE20051E02B /* Main.storyboard in Resources */,
			);
			runOnlyForDeploymentPostprocessing = 0;
		};
/* End PBXResourcesBuildPhase section */

/* Begin PBXSourcesBuildPhase section */
		F33BA4D3205E9CE20051E02B /* Sources */ = {
			isa = PBXSourcesBuildPhase;
			buildActionMask = 2147483647;
			files = (
				F33BA4F7205E9DAC0051E02B /* Toast+UIView.m in Sources */,
				F33BA4DF205E9CE20051E02B /* ViewController.m in Sources */,
				F33BA4EA205E9CE20051E02B /* main.m in Sources */,
				F33BA4DC205E9CE20051E02B /* AppDelegate.m in Sources */,
			);
			runOnlyForDeploymentPostprocessing = 0;
		};
/* End PBXSourcesBuildPhase section */

/* Begin PBXVariantGroup section */
		F33BA4E0205E9CE20051E02B /* Main.storyboard */ = {
			isa = PBXVariantGroup;
			children = (
				F33BA4E1205E9CE20051E02B /* Base */,
			);
			name = Main.storyboard;
			sourceTree = "<group>";
		};
		F33BA4E5205E9CE20051E02B /* LaunchScreen.storyboard */ = {
			isa = PBXVariantGroup;
			children = (
				F33BA4E6205E9CE20051E02B /* Base */,
			);
			name = LaunchScreen.storyboard;
			sourceTree = "<group>";
		};
/* End PBXVariantGroup section */

/* Begin XCBuildConfiguration section */
		F33BA4EB205E9CE20051E02B /* Debug */ = {
			isa = XCBuildConfiguration;
			buildSettings = {
				ALWAYS_SEARCH_USER_PATHS = NO;
				CLANG_ANALYZER_NONNULL = YES;
				CLANG_ANALYZER_NUMBER_OBJECT_CONVERSION = YES_AGGRESSIVE;
				CLANG_CXX_LANGUAGE_STANDARD = "gnu++14";
				CLANG_CXX_LIBRARY = "libc++";
				CLANG_ENABLE_MODULES = YES;
				CLANG_ENABLE_OBJC_ARC = YES;
				CLANG_WARN_BLOCK_CAPTURE_AUTORELEASING = YES;
				CLANG_WARN_BOOL_CONVERSION = YES;
				CLANG_WARN_COMMA = YES;
				CLANG_WARN_CONSTANT_CONVERSION = YES;
				CLANG_WARN_DIRECT_OBJC_ISA_USAGE = YES_ERROR;
				CLANG_WARN_DOCUMENTATION_COMMENTS = YES;
				CLANG_WARN_EMPTY_BODY = YES;
				CLANG_WARN_ENUM_CONVERSION = YES;
				CLANG_WARN_INFINITE_RECURSION = YES;
				CLANG_WARN_INT_CONVERSION = YES;
				CLANG_WARN_NON_LITERAL_NULL_CONVERSION = YES;
				CLANG_WARN_OBJC_LITERAL_CONVERSION = YES;
				CLANG_WARN_OBJC_ROOT_CLASS = YES_ERROR;
				CLANG_WARN_RANGE_LOOP_ANALYSIS = YES;
				CLANG_WARN_STRICT_PROTOTYPES = YES;
				CLANG_WARN_SUSPICIOUS_MOVE = YES;
				CLANG_WARN_UNGUARDED_AVAILABILITY = YES_AGGRESSIVE;
				CLANG_WARN_UNREACHABLE_CODE = YES;
				CLANG_WARN__DUPLICATE_METHOD_MATCH = YES;
				CODE_SIGN_IDENTITY = "iPhone Developer";
				COPY_PHASE_STRIP = NO;
				DEBUG_INFORMATION_FORMAT = dwarf;
				ENABLE_STRICT_OBJC_MSGSEND = YES;
				ENABLE_TESTABILITY = YES;
				GCC_C_LANGUAGE_STANDARD = gnu11;
				GCC_DYNAMIC_NO_PIC = NO;
				GCC_NO_COMMON_BLOCKS = YES;
				GCC_OPTIMIZATION_LEVEL = 0;
				GCC_PREPROCESSOR_DEFINITIONS = (
					"DEBUG=1",
					"$(inherited)",
				);
				GCC_WARN_64_TO_32_BIT_CONVERSION = YES;
				GCC_WARN_ABOUT_RETURN_TYPE = YES_ERROR;
				GCC_WARN_UNDECLARED_SELECTOR = YES;
				GCC_WARN_UNINITIALIZED_AUTOS = YES_AGGRESSIVE;
				GCC_WARN_UNUSED_FUNCTION = YES;
				GCC_WARN_UNUSED_VARIABLE = YES;
				IPHONEOS_DEPLOYMENT_TARGET = 11.2;
				MTL_ENABLE_DEBUG_INFO = YES;
				ONLY_ACTIVE_ARCH = YES;
				SDKROOT = iphoneos;
			};
			name = Debug;
		};
		F33BA4EC205E9CE20051E02B /* Release */ = {
			isa = XCBuildConfiguration;
			buildSettings = {
				ALWAYS_SEARCH_USER_PATHS = NO;
				CLANG_ANALYZER_NONNULL = YES;
				CLANG_ANALYZER_NUMBER_OBJECT_CONVERSION = YES_AGGRESSIVE;
				CLANG_CXX_LANGUAGE_STANDARD = "gnu++14";
				CLANG_CXX_LIBRARY = "libc++";
				CLANG_ENABLE_MODULES = YES;
				CLANG_ENABLE_OBJC_ARC = YES;
				CLANG_WARN_BLOCK_CAPTURE_AUTORELEASING = YES;
				CLANG_WARN_BOOL_CONVERSION = YES;
				CLANG_WARN_COMMA = YES;
				CLANG_WARN_CONSTANT_CONVERSION = YES;
				CLANG_WARN_DIRECT_OBJC_ISA_USAGE = YES_ERROR;
				CLANG_WARN_DOCUMENTATION_COMMENTS = YES;
				CLANG_WARN_EMPTY_BODY = YES;
				CLANG_WARN_ENUM_CONVERSION = YES;
				CLANG_WARN_INFINITE_RECURSION = YES;
				CLANG_WARN_INT_CONVERSION = YES;
				CLANG_WARN_NON_LITERAL_NULL_CONVERSION = YES;
				CLANG_WARN_OBJC_LITERAL_CONVERSION = YES;
				CLANG_WARN_OBJC_ROOT_CLASS = YES_ERROR;
				CLANG_WARN_RANGE_LOOP_ANALYSIS = YES;
				CLANG_WARN_STRICT_PROTOTYPES = YES;
				CLANG_WARN_SUSPICIOUS_MOVE = YES;
				CLANG_WARN_UNGUARDED_AVAILABILITY = YES_AGGRESSIVE;
				CLANG_WARN_UNREACHABLE_CODE = YES;
				CLANG_WARN__DUPLICATE_METHOD_MATCH = YES;
				CODE_SIGN_IDENTITY = "iPhone Developer";
				COPY_PHASE_STRIP = NO;
				DEBUG_INFORMATION_FORMAT = "dwarf-with-dsym";
				ENABLE_NS_ASSERTIONS = NO;
				ENABLE_STRICT_OBJC_MSGSEND = YES;
				GCC_C_LANGUAGE_STANDARD = gnu11;
				GCC_NO_COMMON_BLOCKS = YES;
				GCC_WARN_64_TO_32_BIT_CONVERSION = YES;
				GCC_WARN_ABOUT_RETURN_TYPE = YES_ERROR;
				GCC_WARN_UNDECLARED_SELECTOR = YES;
				GCC_WARN_UNINITIALIZED_AUTOS = YES_AGGRESSIVE;
				GCC_WARN_UNUSED_FUNCTION = YES;
				GCC_WARN_UNUSED_VARIABLE = YES;
				IPHONEOS_DEPLOYMENT_TARGET = 11.2;
				MTL_ENABLE_DEBUG_INFO = NO;
				SDKROOT = iphoneos;
				VALIDATE_PRODUCT = YES;
			};
			name = Release;
		};
		F33BA4EE205E9CE20051E02B /* Debug */ = {
			isa = XCBuildConfiguration;
			buildSettings = {
				ASSETCATALOG_COMPILER_APPICON_NAME = AppIcon;
				CODE_SIGN_STYLE = Automatic;
				INFOPLIST_FILE = MbProgressHUD/Info.plist;
				LD_RUNPATH_SEARCH_PATHS = "$(inherited) @executable_path/Frameworks";
				PRODUCT_BUNDLE_IDENTIFIER = gangwan.MbProgressHUD;
				PRODUCT_NAME = "$(TARGET_NAME)";
				TARGETED_DEVICE_FAMILY = "1,2";
			};
			name = Debug;
		};
		F33BA4EF205E9CE20051E02B /* Release */ = {
			isa = XCBuildConfiguration;
			buildSettings = {
				ASSETCATALOG_COMPILER_APPICON_NAME = AppIcon;
				CODE_SIGN_STYLE = Automatic;
				INFOPLIST_FILE = MbProgressHUD/Info.plist;
				LD_RUNPATH_SEARCH_PATHS = "$(inherited) @executable_path/Frameworks";
				PRODUCT_BUNDLE_IDENTIFIER = gangwan.MbProgressHUD;
				PRODUCT_NAME = "$(TARGET_NAME)";
				TARGETED_DEVICE_FAMILY = "1,2";
			};
			name = Release;
		};
/* End XCBuildConfiguration section */

/* Begin XCConfigurationList section */
		F33BA4D2205E9CE20051E02B /* Build configuration list for PBXProject "MbProgressHUD" */ = {
			isa = XCConfigurationList;
			buildConfigurations = (
				F33BA4EB205E9CE20051E02B /* Debug */,
				F33BA4EC205E9CE20051E02B /* Release */,
			);
			defaultConfigurationIsVisible = 0;
			defaultConfigurationName = Release;
		};
		F33BA4ED205E9CE20051E02B /* Build configuration list for PBXNativeTarget "MbProgressHUD" */ = {
			isa = XCConfigurationList;
			buildConfigurations = (
				F33BA4EE205E9CE20051E02B /* Debug */,
				F33BA4EF205E9CE20051E02B /* Release */,
			);
			defaultConfigurationIsVisible = 0;
			defaultConfigurationName = Release;
		};
/* End XCConfigurationList section */
	};
	rootObject = F33BA4CF205E9CE20051E02B /* Project object */;
}
